// !$*UTF8*$!
{
	archiveVersion = 1;
	classes = {
	};
	objectVersion = 46;
	objects = {

/* Begin PBXBuildFile section */
		1E54B9361B8F245A007B0D8C /* main.m in Sources */ = {isa = PBXBuildFile; fileRef = 1E54B9351B8F245A007B0D8C /* main.m */; };
		1E54B9391B8F245A007B0D8C /* AppDelegate.m in Sources */ = {isa = PBXBuildFile; fileRef = 1E54B9381B8F245A007B0D8C /* AppDelegate.m */; };
		1E54B93C1B8F245A007B0D8C /* ViewController.m in Sources */ = {isa = PBXBuildFile; fileRef = 1E54B93B1B8F245A007B0D8C /* ViewController.m */; };
		1E54B93F1B8F245A007B0D8C /* Main.storyboard in Resources */ = {isa = PBXBuildFile; fileRef = 1E54B93D1B8F245A007B0D8C /* Main.storyboard */; };
		1E54B9411B8F245A007B0D8C /* Images.xcassets in Resources */ = {isa = PBXBuildFile; fileRef = 1E54B9401B8F245A007B0D8C /* Images.xcassets */; };
		1E54B9441B8F245A007B0D8C /* LaunchScreen.xib in Resources */ = {isa = PBXBuildFile; fileRef = 1E54B9421B8F245A007B0D8C /* LaunchScreen.xib */; };
		1E54B9501B8F245A007B0D8C /* tablaTests.m in Sources */ = {isa = PBXBuildFile; fileRef = 1E54B94F1B8F245A007B0D8C /* tablaTests.m */; };
		1E54B95B1B8F247A007B0D8C /* TableViewController.m in Sources */ = {isa = PBXBuildFile; fileRef = 1E54B95A1B8F247A007B0D8C /* TableViewController.m */; };
/* End PBXBuildFile section */

/* Begin PBXContainerItemProxy section */
		1E54B94A1B8F245A007B0D8C /* PBXContainerItemProxy */ = {
			isa = PBXContainerItemProxy;
			containerPortal = 1E54B9281B8F245A007B0D8C /* Project object */;
			proxyType = 1;
			remoteGlobalIDString = 1E54B92F1B8F245A007B0D8C;
			remoteInfo = tabla;
		};
/* End PBXContainerItemProxy section */

/* Begin PBXFileReference section */
		1E54B9301B8F245A007B0D8C /* tabla.app */ = {isa = PBXFileReference; explicitFileType = wrapper.application; includeInIndex = 0; path = tabla.app; sourceTree = BUILT_PRODUCTS_DIR; };
		1E54B9341B8F245A007B0D8C /* Info.plist */ = {isa = PBXFileReference; lastKnownFileType = text.plist.xml; path = Info.plist; sourceTree = "<group>"; };
		1E54B9351B8F245A007B0D8C /* main.m */ = {isa = PBXFileReference; lastKnownFileType = sourcecode.c.objc; path = main.m; sourceTree = "<group>"; };
		1E54B9371B8F245A007B0D8C /* AppDelegate.h */ = {isa = PBXFileReference; lastKnownFileType = sourcecode.c.h; path = AppDelegate.h; sourceTree = "<group>"; };
		1E54B9381B8F245A007B0D8C /* AppDelegate.m */ = {isa = PBXFileReference; lastKnownFileType = sourcecode.c.objc; path = AppDelegate.m; sourceTree = "<group>"; };
		1E54B93A1B8F245A007B0D8C /* ViewController.h */ = {isa = PBXFileReference; lastKnownFileType = sourcecode.c.h; path = ViewController.h; sourceTree = "<group>"; };
		1E54B93B1B8F245A007B0D8C /* ViewController.m */ = {isa = PBXFileReference; lastKnownFileType = sourcecode.c.objc; path = ViewController.m; sourceTree = "<group>"; };
		1E54B93E1B8F245A007B0D8C /* Base */ = {isa = PBXFileReference; lastKnownFileType = file.storyboard; name = Base; path = Base.lproj/Main.storyboard; sourceTree = "<group>"; };
		1E54B9401B8F245A007B0D8C /* Images.xcassets */ = {isa = PBXFileReference; lastKnownFileType = folder.assetcatalog; path = Images.xcassets; sourceTree = "<group>"; };
		1E54B9431B8F245A007B0D8C /* Base */ = {isa = PBXFileReference; lastKnownFileType = file.xib; name = Base; path = Base.lproj/LaunchScreen.xib; sourceTree = "<group>"; };
		1E54B9491B8F245A007B0D8C /* tablaTests.xctest */ = {isa = PBXFileReference; explicitFileType = wrapper.cfbundle; includeInIndex = 0; path = tablaTests.xctest; sourceTree = BUILT_PRODUCTS_DIR; };
		1E54B94E1B8F245A007B0D8C /* Info.plist */ = {isa = PBXFileReference; lastKnownFileType = text.plist.xml; path = Info.plist; sourceTree = "<group>"; };
		1E54B94F1B8F245A007B0D8C /* tablaTests.m */ = {isa = PBXFileReference; lastKnownFileType = sourcecode.c.objc; path = tablaTests.m; sourceTree = "<group>"; };
		1E54B9591B8F247A007B0D8C /* TableViewController.h */ = {isa = PBXFileReference; fileEncoding = 4; lastKnownFileType = sourcecode.c.h; path = TableViewController.h; sourceTree = "<group>"; };
		1E54B95A1B8F247A007B0D8C /* TableViewController.m */ = {isa = PBXFileReference; fileEncoding = 4; lastKnownFileType = sourcecode.c.objc; path = TableViewController.m; sourceTree = "<group>"; };
/* End PBXFileReference section */

/* Begin PBXFrameworksBuildPhase section */
		1E54B92D1B8F245A007B0D8C /* Frameworks */ = {
			isa = PBXFrameworksBuildPhase;
			buildActionMask = 2147483647;
			files = (
			);
			runOnlyForDeploymentPostprocessing = 0;
		};
		1E54B9461B8F245A007B0D8C /* Frameworks */ = {
			isa = PBXFrameworksBuildPhase;
			buildActionMask = 2147483647;
			files = (
			);
			runOnlyForDeploymentPostprocessing = 0;
		};
/* End PBXFrameworksBuildPhase section */

/* Begin PBXGroup section */
		1E54B9271B8F245A007B0D8C = {
			isa = PBXGroup;
			children = (
				1E54B9321B8F245A007B0D8C /* tabla */,
				1E54B94C1B8F245A007B0D8C /* tablaTests */,
				1E54B9311B8F245A007B0D8C /* Products */,
			);
			sourceTree = "<group>";
		};
		1E54B9311B8F245A007B0D8C /* Products */ = {
			isa = PBXGroup;
			children = (
				1E54B9301B8F245A007B0D8C /* tabla.app */,
				1E54B9491B8F245A007B0D8C /* tablaTests.xctest */,
			);
			name = Products;
			sourceTree = "<group>";
		};
		1E54B9321B8F245A007B0D8C /* tabla */ = {
			isa = PBXGroup;
			children = (
				1E54B9371B8F245A007B0D8C /* AppDelegate.h */,
				1E54B9381B8F245A007B0D8C /* AppDelegate.m */,
				1E54B93A1B8F245A007B0D8C /* ViewController.h */,
				1E54B93B1B8F245A007B0D8C /* ViewController.m */,
				1E54B93D1B8F245A007B0D8C /* Main.storyboard */,
				1E54B9401B8F245A007B0D8C /* Images.xcassets */,
				1E54B9421B8F245A007B0D8C /* LaunchScreen.xib */,
				1E54B9331B8F245A007B0D8C /* Supporting Files */,
				1E54B9591B8F247A007B0D8C /* TableViewController.h */,
				1E54B95A1B8F247A007B0D8C /* TableViewController.m */,
			);
			path = tabla;
			sourceTree = "<group>";
		};
		1E54B9331B8F245A007B0D8C /* Supporting Files */ = {
			isa = PBXGroup;
			children = (
				1E54B9341B8F245A007B0D8C /* Info.plist */,
				1E54B9351B8F245A007B0D8C /* main.m */,
			);
			name = "Supporting Files";
			sourceTree = "<group>";
		};
		1E54B94C1B8F245A007B0D8C /* tablaTests */ = {
			isa = PBXGroup;
			children = (
				1E54B94F1B8F245A007B0D8C /* tablaTests.m */,
				1E54B94D1B8F245A007B0D8C /* Supporting Files */,
			);
			path = tablaTests;
			sourceTree = "<group>";
		};
		1E54B94D1B8F245A007B0D8C /* Supporting Files */ = {
			isa = PBXGroup;
			children = (
				1E54B94E1B8F245A007B0D8C /* Info.plist */,
			);
			name = "Supporting Files";
			sourceTree = "<group>";
		};
/* End PBXGroup section */

/* Begin PBXNativeTarget section */
		1E54B92F1B8F245A007B0D8C /* tabla */ = {
			isa = PBXNativeTarget;
			buildConfigurationList = 1E54B9531B8F245A007B0D8C /* Build configuration list for PBXNativeTarget "tabla" */;
			buildPhases = (
				1E54B92C1B8F245A007B0D8C /* Sources */,
				1E54B92D1B8F245A007B0D8C /* Frameworks */,
				1E54B92E1B8F245A007B0D8C /* Resources */,
			);
			buildRules = (
			);
			dependencies = (
			);
			name = tabla;
			productName = tabla;
			productReference = 1E54B9301B8F245A007B0D8C /* tabla.app */;
			productType = "com.apple.product-type.application";
		};
		1E54B9481B8F245A007B0D8C /* tablaTests */ = {
			isa = PBXNativeTarget;
			buildConfigurationList = 1E54B9561B8F245A007B0D8C /* Build configuration list for PBXNativeTarget "tablaTests" */;
			buildPhases = (
				1E54B9451B8F245A007B0D8C /* Sources */,
				1E54B9461B8F245A007B0D8C /* Frameworks */,
				1E54B9471B8F245A007B0D8C /* Resources */,
			);
			buildRules = (
			);
			dependencies = (
				1E54B94B1B8F245A007B0D8C /* PBXTargetDependency */,
			);
			name = tablaTests;
			productName = tablaTests;
			productReference = 1E54B9491B8F245A007B0D8C /* tablaTests.xctest */;
			productType = "com.apple.product-type.bundle.unit-test";
		};
/* End PBXNativeTarget section */

/* Begin PBXProject section */
		1E54B9281B8F245A007B0D8C /* Project object */ = {
			isa = PBXProject;
			attributes = {
				LastUpgradeCheck = 0640;
				ORGANIZATIONNAME = Apps4s;
				TargetAttributes = {
					1E54B92F1B8F245A007B0D8C = {
						CreatedOnToolsVersion = 6.4;
					};
					1E54B9481B8F245A007B0D8C = {
						CreatedOnToolsVersion = 6.4;
						TestTargetID = 1E54B92F1B8F245A007B0D8C;
					};
				};
			};
			buildConfigurationList = 1E54B92B1B8F245A007B0D8C /* Build configuration list for PBXProject "tabla" */;
			compatibilityVersion = "Xcode 3.2";
			developmentRegion = English;
			hasScannedForEncodings = 0;
			knownRegions = (
				en,
				Base,
			);
			mainGroup = 1E54B9271B8F245A007B0D8C;
			productRefGroup = 1E54B9311B8F245A007B0D8C /* Products */;
			projectDirPath = "";
			projectRoot = "";
			targets = (
				1E54B92F1B8F245A007B0D8C /* tabla */,
				1E54B9481B8F245A007B0D8C /* tablaTests */,
			);
		};
/* End PBXProject section */

/* Begin PBXResourcesBuildPhase section */
		1E54B92E1B8F245A007B0D8C /* Resources */ = {
			isa = PBXResourcesBuildPhase;
			buildActionMask = 2147483647;
			files = (
				1E54B93F1B8F245A007B0D8C /* Main.storyboard in Resources */,
				1E54B9441B8F245A007B0D8C /* LaunchScreen.xib in Resources */,
				1E54B9411B8F245A007B0D8C /* Images.xcassets in Resources */,
			);
			runOnlyForDeploymentPostprocessing = 0;
		};
		1E54B9471B8F245A007B0D8C /* Resources */ = {
			isa = PBXResourcesBuildPhase;
			buildActionMask = 2147483647;
			files = (
			);
			runOnlyForDeploymentPostprocessing = 0;
		};
/* End PBXResourcesBuildPhase section */

/* Begin PBXSourcesBuildPhase section */
		1E54B92C1B8F245A007B0D8C /* Sources */ = {
			isa = PBXSourcesBuildPhase;
			buildActionMask = 2147483647;
			files = (
				1E54B93C1B8F245A007B0D8C /* ViewController.m in Sources */,
				1E54B9391B8F245A007B0D8C /* AppDelegate.m in Sources */,
				1E54B9361B8F245A007B0D8C /* main.m in Sources */,
				1E54B95B1B8F247A007B0D8C /* TableViewController.m in Sources */,
			);
			runOnlyForDeploymentPostprocessing = 0;
		};
		1E54B9451B8F245A007B0D8C /* Sources */ = {
			isa = PBXSourcesBuildPhase;
			buildActionMask = 2147483647;
			files = (
				1E54B9501B8F245A007B0D8C /* tablaTests.m in Sources */,
			);
			runOnlyForDeploymentPostprocessing = 0;
		};
/* End PBXSourcesBuildPhase section */

/* Begin PBXTargetDependency section */
		1E54B94B1B8F245A007B0D8C /* PBXTargetDependency */ = {
			isa = PBXTargetDependency;
			target = 1E54B92F1B8F245A007B0D8C /* tabla */;
			targetProxy = 1E54B94A1B8F245A007B0D8C /* PBXContainerItemProxy */;
		};
/* End PBXTargetDependency section */

/* Begin PBXVariantGroup section */
		1E54B93D1B8F245A007B0D8C /* Main.storyboard */ = {
			isa = PBXVariantGroup;
			children = (
				1E54B93E1B8F245A007B0D8C /* Base */,
			);
			name = Main.storyboard;
			sourceTree = "<group>";
		};
		1E54B9421B8F245A007B0D8C /* LaunchScreen.xib */ = {
			isa = PBXVariantGroup;
			children = (
				1E54B9431B8F245A007B0D8C /* Base */,
			);
			name = LaunchScreen.xib;
			sourceTree = "<group>";
		};
/* End PBXVariantGroup section */

/* Begin XCBuildConfiguration section */
		1E54B9511B8F245A007B0D8C /* Debug */ = {
			isa = XCBuildConfiguration;
			buildSettings = {
				ALWAYS_SEARCH_USER_PATHS = NO;
				CLANG_CXX_LANGUAGE_STANDARD = "gnu++0x";
				CLANG_CXX_LIBRARY = "libc++";
				CLANG_ENABLE_MODULES = YES;
				CLANG_ENABLE_OBJC_ARC = YES;
				CLANG_WARN_BOOL_CONVERSION = YES;
				CLANG_WARN_CONSTANT_CONVERSION = YES;
				CLANG_WARN_DIRECT_OBJC_ISA_USAGE = YES_ERROR;
				CLANG_WARN_EMPTY_BODY = YES;
				CLANG_WARN_ENUM_CONVERSION = YES;
				CLANG_WARN_INT_CONVERSION = YES;
				CLANG_WARN_OBJC_ROOT_CLASS = YES_ERROR;
				CLANG_WARN_UNREACHABLE_CODE = YES;
				CLANG_WARN__DUPLICATE_METHOD_MATCH = YES;
				"CODE_SIGN_IDENTITY[sdk=iphoneos*]" = "iPhone Developer";
				COPY_PHASE_STRIP = NO;
				DEBUG_INFORMATION_FORMAT = "dwarf-with-dsym";
				ENABLE_STRICT_OBJC_MSGSEND = YES;
				GCC_C_LANGUAGE_STANDARD = gnu99;
				GCC_DYNAMIC_NO_PIC = NO;
				GCC_NO_COMMON_BLOCKS = YES;
				GCC_OPTIMIZATION_LEVEL = 0;
				GCC_PREPROCESSOR_DEFINITIONS = (
					"DEBUG=1",
					"$(inherited)",
				);
				GCC_SYMBOLS_PRIVATE_EXTERN = NO;
				GCC_WARN_64_TO_32_BIT_CONVERSION = YES;
				GCC_WARN_ABOUT_RETURN_TYPE = YES_ERROR;
				GCC_WARN_UNDECLARED_SELECTOR = YES;
				GCC_WARN_UNINITIALIZED_AUTOS = YES_AGGRESSIVE;
				GCC_WARN_UNUSED_FUNCTION = YES;
				GCC_WARN_UNUSED_VARIABLE = YES;
				IPHONEOS_DEPLOYMENT_TARGET = 8.4;
				MTL_ENABLE_DEBUG_INFO = YES;
				ONLY_ACTIVE_ARCH = YES;
				SDKROOT = iphoneos;
			};
			name = Debug;
		};
		1E54B9521B8F245A007B0D8C /* Release */ = {
			isa = XCBuildConfiguration;
			buildSettings = {
				ALWAYS_SEARCH_USER_PATHS = NO;
				CLANG_CXX_LANGUAGE_STANDARD = "gnu++0x";
				CLANG_CXX_LIBRARY = "libc++";
				CLANG_ENABLE_MODULES = YES;
				CLANG_ENABLE_OBJC_ARC = YES;
				CLANG_WARN_BOOL_CONVERSION = YES;
				CLANG_WARN_CONSTANT_CONVERSION = YES;
				CLANG_WARN_DIRECT_OBJC_ISA_USAGE = YES_ERROR;
				CLANG_WARN_EMPTY_BODY = YES;
				CLANG_WARN_ENUM_CONVERSION = YES;
				CLANG_WARN_INT_CONVERSION = YES;
				CLANG_WARN_OBJC_ROOT_CLASS = YES_ERROR;
				CLANG_WARN_UNREACHABLE_CODE = YES;
				CLANG_WARN__DUPLICATE_METHOD_MATCH = YES;
				"CODE_SIGN_IDENTITY[sdk=iphoneos*]" = "iPhone Developer";
				COPY_PHASE_STRIP = NO;
				DEBUG_INFORMATION_FORMAT = "dwarf-with-dsym";
				ENABLE_NS_ASSERTIONS = NO;
				ENABLE_STRICT_OBJC_MSGSEND = YES;
				GCC_C_LANGUAGE_STANDARD = gnu99;
				GCC_NO_COMMON_BLOCKS = YES;
				GCC_WARN_64_TO_32_BIT_CONVERSION = YES;
				GCC_WARN_ABOUT_RETURN_TYPE = YES_ERROR;
				GCC_WARN_UNDECLARED_SELECTOR = YES;
				GCC_WARN_UNINITIALIZED_AUTOS = YES_AGGRESSIVE;
				GCC_WARN_UNUSED_FUNCTION = YES;
				GCC_WARN_UNUSED_VARIABLE = YES;
				IPHONEOS_DEPLOYMENT_TARGET = 8.4;
				MTL_ENABLE_DEBUG_INFO = NO;
				SDKROOT = iphoneos;
				VALIDATE_PRODUCT = YES;
			};
			name = Release;
		};
		1E54B9541B8F245A007B0D8C /* Debug */ = {
			isa = XCBuildConfiguration;
			buildSettings = {
				ASSETCATALOG_COMPILER_APPICON_NAME = AppIcon;
				INFOPLIST_FILE = tabla/Info.plist;
				LD_RUNPATH_SEARCH_PATHS = "$(inherited) @executable_path/Frameworks";
				PRODUCT_NAME = "$(TARGET_NAME)";
			};
			name = Debug;
		};
		1E54B9551B8F245A007B0D8C /* Release */ = {
			isa = XCBuildConfiguration;
			buildSettings = {
				ASSETCATALOG_COMPILER_APPICON_NAME = AppIcon;
				INFOPLIST_FILE = tabla/Info.plist;
				LD_RUNPATH_SEARCH_PATHS = "$(inherited) @executable_path/Frameworks";
				PRODUCT_NAME = "$(TARGET_NAME)";
			};
			name = Release;
		};
		1E54B9571B8F245A007B0D8C /* Debug */ = {
			isa = XCBuildConfiguration;
			buildSettings = {
				BUNDLE_LOADER = "$(TEST_HOST)";
				FRAMEWORK_SEARCH_PATHS = (
					"$(SDKROOT)/Developer/Library/Frameworks",
					"$(inherited)",
				);
				GCC_PREPROCESSOR_DEFINITIONS = (
					"DEBUG=1",
					"$(inherited)",
				);
				INFOPLIST_FILE = tablaTests/Info.plist;
				LD_RUNPATH_SEARCH_PATHS = "$(inherited) @executable_path/Frameworks @loader_path/Frameworks";
				PRODUCT_NAME = "$(TARGET_NAME)";
				TEST_HOST = "$(BUILT_PRODUCTS_DIR)/tabla.app/tabla";
			};
			name = Debug;
		};
		1E54B9581B8F245A007B0D8C /* Release */ = {
			isa = XCBuildConfiguration;
			buildSettings = {
				BUNDLE_LOADER = "$(TEST_HOST)";
				FRAMEWORK_SEARCH_PATHS = (
					"$(SDKROOT)/Developer/Library/Frameworks",
					"$(inherited)",
				);
				INFOPLIST_FILE = tablaTests/Info.plist;
				LD_RUNPATH_SEARCH_PATHS = "$(inherited) @executable_path/Frameworks @loader_path/Frameworks";
				PRODUCT_NAME = "$(TARGET_NAME)";
				TEST_HOST = "$(BUILT_PRODUCTS_DIR)/tabla.app/tabla";
			};
			name = Release;
		};
/* End XCBuildConfiguration section */

/* Begin XCConfigurationList section */
		1E54B92B1B8F245A007B0D8C /* Build configuration list for PBXProject "tabla" */ = {
			isa = XCConfigurationList;
			buildConfigurations = (
				1E54B9511B8F245A007B0D8C /* Debug */,
				1E54B9521B8F245A007B0D8C /* Release */,
			);
			defaultConfigurationIsVisible = 0;
			defaultConfigurationName = Release;
		};
		1E54B9531B8F245A007B0D8C /* Build configuration list for PBXNativeTarget "tabla" */ = {
			isa = XCConfigurationList;
			buildConfigurations = (
				1E54B9541B8F245A007B0D8C /* Debug */,
				1E54B9551B8F245A007B0D8C /* Release */,
			);
			defaultConfigurationIsVisible = 0;
		};
		1E54B9561B8F245A007B0D8C /* Build configuration list for PBXNativeTarget "tablaTests" */ = {
			isa = XCConfigurationList;
			buildConfigurations = (
				1E54B9571B8F245A007B0D8C /* Debug */,
				1E54B9581B8F245A007B0D8C /* Release */,
			);
			defaultConfigurationIsVisible = 0;
		};
/* End XCConfigurationList section */
	};
	rootObject = 1E54B9281B8F245A007B0D8C /* Project object */;
}
